
Microsoft Visual Studio Solution File, Format Version 12.00
# Visual Studio Version 17
VisualStudioVersion = 17.4.33213.308
MinimumVisualStudioVersion = 10.0.40219.1
Project("{9A19103F-16F7-4668-BE54-9A1E7A4F7556}") = "Entidades", "Entidades\Entidades.csproj", "{9E8E1821-04AC-4637-9FF0-1009A9183A8A}"
EndProject
Project("{2150E333-8FDC-42A3-9474-1A3956D46DE8}") = "1-APIs", "1-APIs", "{B973A3F7-3620-4F87-9C3D-DA61C9B00CD7}"
EndProject
Project("{2150E333-8FDC-42A3-9474-1A3956D46DE8}") = "2-Aplicacao", "2-Aplicacao", "{4AFF3EC0-0397-4AC1-A362-CA15F929C236}"
EndProject
Project("{2150E333-8FDC-42A3-9474-1A3956D46DE8}") = "3-Dominio", "3-Dominio", "{28BE2B11-7209-4B49-893F-341B47A4C772}"
EndProject
Project("{2150E333-8FDC-42A3-9474-1A3956D46DE8}") = "4-Infraestrutura", "4-Infraestrutura", "{7EAF4A44-FFFB-4993-BF1F-6860C29D6646}"
EndProject
Project("{2150E333-8FDC-42A3-9474-1A3956D46DE8}") = "5-Entidades", "5-Entidades", "{0D0F9709-B5C4-44ED-BF2D-DF5B32A15BCC}"
EndProject
Project("{9A19103F-16F7-4668-BE54-9A1E7A4F7556}") = "Infraestrutura", "Infraestrutura\Infraestrutura.csproj", "{DA1A1585-5802-44EC-9391-CC5BA290375C}"
EndProject
Project("{9A19103F-16F7-4668-BE54-9A1E7A4F7556}") = "Dominio", "Dominio\Dominio.csproj", "{220541BA-8695-4B03-B396-ECBF6630204D}"
EndProject
Project("{9A19103F-16F7-4668-BE54-9A1E7A4F7556}") = "Aplicacao", "Aplicacao\Aplicacao.csproj", "{901D20C7-87F1-4FEF-BE80-26849B5904A2}"
EndProject
Project("{9A19103F-16F7-4668-BE54-9A1E7A4F7556}") = "WebAPI", "WebAPI\WebAPI.csproj", "{178D3040-D2C1-4E6D-9F0D-178235EF2152}"
EndProject
Project("{2150E333-8FDC-42A3-9474-1A3956D46DE8}") = "0-Front", "0-Front", "{C9F2C022-5157-47E3-AF9D-990F4E6F2243}"
EndProject
Project("{9A19103F-16F7-4668-BE54-9A1E7A4F7556}") = "SGSB.Web", "SGSB.Web\SGSB.Web.csproj", "{CA3B5275-B616-4E7F-B595-120BDFA9CBC3}"
EndProject
Project("{9A19103F-16F7-4668-BE54-9A1E7A4F7556}") = "Model", "Models\Model.csproj", "{4298AD74-72FB-4864-B124-DE859E49255F}"
EndProject
Project("{9A19103F-16F7-4668-BE54-9A1E7A4F7556}") = "SGSB.AppPopulacao", "SGSB.AppPopulacao\SGSB.AppPopulacao.csproj", "{0AD1F549-16D9-448A-8E98-232053BCDD7D}"
EndProject
Project("{9A19103F-16F7-4668-BE54-9A1E7A4F7556}") = "GoogleMapsComponents", "GoogleMapsComponents\GoogleMapsComponents.csproj", "{48FD713D-B282-41A6-BB92-806E72CC4296}"
EndProject
Project("{9A19103F-16F7-4668-BE54-9A1E7A4F7556}") = "SGSB.SIG.APP", "SGSB.SIG.APP\SGSB.SIG.APP.csproj", "{312B7277-D37C-4526-B609-FA8623FD4D3F}"
EndProject
Project("{2150E333-8FDC-42A3-9474-1A3956D46DE8}") = "6-Testes", "6-Testes", "{6666702C-225C-48CD-8B18-537245FC73EA}"
EndProject
Project("{FAE04EC0-301F-11D3-BF4B-00C04F79EFBC}") = "Testes", "Testes\Testes.csproj", "{8F13DFA0-C2E1-46E2-A73A-F5F329DDC467}"
EndProject
Global
	GlobalSection(SolutionConfigurationPlatforms) = preSolution
		Debug|Any CPU = Debug|Any CPU
		Release|Any CPU = Release|Any CPU
	EndGlobalSection
	GlobalSection(ProjectConfigurationPlatforms) = postSolution
		{9E8E1821-04AC-4637-9FF0-1009A9183A8A}.Debug|Any CPU.ActiveCfg = Debug|Any CPU
		{9E8E1821-04AC-4637-9FF0-1009A9183A8A}.Debug|Any CPU.Build.0 = Debug|Any CPU
		{9E8E1821-04AC-4637-9FF0-1009A9183A8A}.Release|Any CPU.ActiveCfg = Release|Any CPU
		{9E8E1821-04AC-4637-9FF0-1009A9183A8A}.Release|Any CPU.Build.0 = Release|Any CPU
		{DA1A1585-5802-44EC-9391-CC5BA290375C}.Debug|Any CPU.ActiveCfg = Debug|Any CPU
		{DA1A1585-5802-44EC-9391-CC5BA290375C}.Debug|Any CPU.Build.0 = Debug|Any CPU
		{DA1A1585-5802-44EC-9391-CC5BA290375C}.Release|Any CPU.ActiveCfg = Release|Any CPU
		{DA1A1585-5802-44EC-9391-CC5BA290375C}.Release|Any CPU.Build.0 = Release|Any CPU
		{220541BA-8695-4B03-B396-ECBF6630204D}.Debug|Any CPU.ActiveCfg = Debug|Any CPU
		{220541BA-8695-4B03-B396-ECBF6630204D}.Debug|Any CPU.Build.0 = Debug|Any CPU
		{220541BA-8695-4B03-B396-ECBF6630204D}.Release|Any CPU.ActiveCfg = Release|Any CPU
		{220541BA-8695-4B03-B396-ECBF6630204D}.Release|Any CPU.Build.0 = Release|Any CPU
		{901D20C7-87F1-4FEF-BE80-26849B5904A2}.Debug|Any CPU.ActiveCfg = Debug|Any CPU
		{901D20C7-87F1-4FEF-BE80-26849B5904A2}.Debug|Any CPU.Build.0 = Debug|Any CPU
		{901D20C7-87F1-4FEF-BE80-26849B5904A2}.Release|Any CPU.ActiveCfg = Release|Any CPU
		{901D20C7-87F1-4FEF-BE80-26849B5904A2}.Release|Any CPU.Build.0 = Release|Any CPU
		{178D3040-D2C1-4E6D-9F0D-178235EF2152}.Debug|Any CPU.ActiveCfg = Debug|Any CPU
		{178D3040-D2C1-4E6D-9F0D-178235EF2152}.Debug|Any CPU.Build.0 = Debug|Any CPU
		{178D3040-D2C1-4E6D-9F0D-178235EF2152}.Release|Any CPU.ActiveCfg = Release|Any CPU
		{178D3040-D2C1-4E6D-9F0D-178235EF2152}.Release|Any CPU.Build.0 = Release|Any CPU
		{CA3B5275-B616-4E7F-B595-120BDFA9CBC3}.Debug|Any CPU.ActiveCfg = Debug|Any CPU
		{CA3B5275-B616-4E7F-B595-120BDFA9CBC3}.Debug|Any CPU.Build.0 = Debug|Any CPU
		{CA3B5275-B616-4E7F-B595-120BDFA9CBC3}.Release|Any CPU.ActiveCfg = Release|Any CPU
		{CA3B5275-B616-4E7F-B595-120BDFA9CBC3}.Release|Any CPU.Build.0 = Release|Any CPU
		{4298AD74-72FB-4864-B124-DE859E49255F}.Debug|Any CPU.ActiveCfg = Debug|Any CPU
		{4298AD74-72FB-4864-B124-DE859E49255F}.Debug|Any CPU.Build.0 = Debug|Any CPU
		{4298AD74-72FB-4864-B124-DE859E49255F}.Release|Any CPU.ActiveCfg = Release|Any CPU
		{4298AD74-72FB-4864-B124-DE859E49255F}.Release|Any CPU.Build.0 = Release|Any CPU
		{0AD1F549-16D9-448A-8E98-232053BCDD7D}.Debug|Any CPU.ActiveCfg = Debug|Any CPU
		{0AD1F549-16D9-448A-8E98-232053BCDD7D}.Debug|Any CPU.Build.0 = Debug|Any CPU
		{0AD1F549-16D9-448A-8E98-232053BCDD7D}.Debug|Any CPU.Deploy.0 = Debug|Any CPU
		{0AD1F549-16D9-448A-8E98-232053BCDD7D}.Release|Any CPU.ActiveCfg = Release|Any CPU
		{0AD1F549-16D9-448A-8E98-232053BCDD7D}.Release|Any CPU.Build.0 = Release|Any CPU
		{0AD1F549-16D9-448A-8E98-232053BCDD7D}.Release|Any CPU.Deploy.0 = Release|Any CPU
		{48FD713D-B282-41A6-BB92-806E72CC4296}.Debug|Any CPU.ActiveCfg = Debug|Any CPU
		{48FD713D-B282-41A6-BB92-806E72CC4296}.Debug|Any CPU.Build.0 = Debug|Any CPU
		{48FD713D-B282-41A6-BB92-806E72CC4296}.Release|Any CPU.ActiveCfg = Release|Any CPU
		{48FD713D-B282-41A6-BB92-806E72CC4296}.Release|Any CPU.Build.0 = Release|Any CPU
		{312B7277-D37C-4526-B609-FA8623FD4D3F}.Debug|Any CPU.ActiveCfg = Debug|Any CPU
		{312B7277-D37C-4526-B609-FA8623FD4D3F}.Debug|Any CPU.Build.0 = Debug|Any CPU
		{312B7277-D37C-4526-B609-FA8623FD4D3F}.Debug|Any CPU.Deploy.0 = Debug|Any CPU
		{312B7277-D37C-4526-B609-FA8623FD4D3F}.Release|Any CPU.ActiveCfg = Release|Any CPU
		{312B7277-D37C-4526-B609-FA8623FD4D3F}.Release|Any CPU.Build.0 = Release|Any CPU
		{312B7277-D37C-4526-B609-FA8623FD4D3F}.Release|Any CPU.Deploy.0 = Release|Any CPU
		{8F13DFA0-C2E1-46E2-A73A-F5F329DDC467}.Debug|Any CPU.ActiveCfg = Debug|Any CPU
		{8F13DFA0-C2E1-46E2-A73A-F5F329DDC467}.Debug|Any CPU.Build.0 = Debug|Any CPU
		{8F13DFA0-C2E1-46E2-A73A-F5F329DDC467}.Release|Any CPU.ActiveCfg = Release|Any CPU
		{8F13DFA0-C2E1-46E2-A73A-F5F329DDC467}.Release|Any CPU.Build.0 = Release|Any CPU
	EndGlobalSection
	GlobalSection(SolutionProperties) = preSolution
		HideSolutionNode = FALSE
	EndGlobalSection
	GlobalSection(NestedProjects) = preSolution
		{9E8E1821-04AC-4637-9FF0-1009A9183A8A} = {0D0F9709-B5C4-44ED-BF2D-DF5B32A15BCC}
		{DA1A1585-5802-44EC-9391-CC5BA290375C} = {7EAF4A44-FFFB-4993-BF1F-6860C29D6646}
		{220541BA-8695-4B03-B396-ECBF6630204D} = {28BE2B11-7209-4B49-893F-341B47A4C772}
		{901D20C7-87F1-4FEF-BE80-26849B5904A2} = {4AFF3EC0-0397-4AC1-A362-CA15F929C236}
		{178D3040-D2C1-4E6D-9F0D-178235EF2152} = {B973A3F7-3620-4F87-9C3D-DA61C9B00CD7}
		{CA3B5275-B616-4E7F-B595-120BDFA9CBC3} = {C9F2C022-5157-47E3-AF9D-990F4E6F2243}
		{4298AD74-72FB-4864-B124-DE859E49255F} = {0D0F9709-B5C4-44ED-BF2D-DF5B32A15BCC}
		{0AD1F549-16D9-448A-8E98-232053BCDD7D} = {C9F2C022-5157-47E3-AF9D-990F4E6F2243}
		{48FD713D-B282-41A6-BB92-806E72CC4296} = {7EAF4A44-FFFB-4993-BF1F-6860C29D6646}
		{312B7277-D37C-4526-B609-FA8623FD4D3F} = {C9F2C022-5157-47E3-AF9D-990F4E6F2243}
		{8F13DFA0-C2E1-46E2-A73A-F5F329DDC467} = {6666702C-225C-48CD-8B18-537245FC73EA}
	EndGlobalSection
	GlobalSection(ExtensibilityGlobals) = postSolution
		SolutionGuid = {31822E10-259A-476D-803B-095259CA360A}
	EndGlobalSection
EndGlobal
